// !$*UTF8*$!
{
	archiveVersion = 1;
	classes = {
	};
	objectVersion = 46;
	objects = {

/* Begin PBXBuildFile section */
		CF1670351D72D88F00C62B35 /* Timer.swift in Sources */ = {isa = PBXBuildFile; fileRef = CF1670341D72D88F00C62B35 /* Timer.swift */; };
		CF1670371D74EF5600C62B35 /* AlarmViewController.swift in Sources */ = {isa = PBXBuildFile; fileRef = CF1670361D74EF5600C62B35 /* AlarmViewController.swift */; };
		CF1670391D74F2F200C62B35 /* Color.swift in Sources */ = {isa = PBXBuildFile; fileRef = CF1670381D74F2F200C62B35 /* Color.swift */; };
		CF2A645D1D72BF4400268919 /* AppDelegate.swift in Sources */ = {isa = PBXBuildFile; fileRef = CF2A645C1D72BF4400268919 /* AppDelegate.swift */; };
		CF2A64621D72BF4400268919 /* Main.storyboard in Resources */ = {isa = PBXBuildFile; fileRef = CF2A64601D72BF4400268919 /* Main.storyboard */; };
		CF2A64641D72BF4400268919 /* Assets.xcassets in Resources */ = {isa = PBXBuildFile; fileRef = CF2A64631D72BF4400268919 /* Assets.xcassets */; };
		CF2A64671D72BF4400268919 /* LaunchScreen.storyboard in Resources */ = {isa = PBXBuildFile; fileRef = CF2A64651D72BF4400268919 /* LaunchScreen.storyboard */; };
		CF2A64721D72BF4400268919 /* TimerTests.swift in Sources */ = {isa = PBXBuildFile; fileRef = CF2A64711D72BF4400268919 /* TimerTests.swift */; };
		CF2A647F1D72BFE100268919 /* TimerViewController.swift in Sources */ = {isa = PBXBuildFile; fileRef = CF2A647E1D72BFE100268919 /* TimerViewController.swift */; };
/* End PBXBuildFile section */

/* Begin PBXContainerItemProxy section */
		CF2A646E1D72BF4400268919 /* PBXContainerItemProxy */ = {
			isa = PBXContainerItemProxy;
			containerPortal = CF2A64511D72BF4400268919 /* Project object */;
			proxyType = 1;
			remoteGlobalIDString = CF2A64581D72BF4400268919;
			remoteInfo = Timer;
		};
/* End PBXContainerItemProxy section */

/* Begin PBXFileReference section */
		CF1670341D72D88F00C62B35 /* Timer.swift */ = {isa = PBXFileReference; fileEncoding = 4; lastKnownFileType = sourcecode.swift; path = Timer.swift; sourceTree = "<group>"; };
		CF1670361D74EF5600C62B35 /* AlarmViewController.swift */ = {isa = PBXFileReference; fileEncoding = 4; lastKnownFileType = sourcecode.swift; path = AlarmViewController.swift; sourceTree = "<group>"; };
		CF1670381D74F2F200C62B35 /* Color.swift */ = {isa = PBXFileReference; fileEncoding = 4; lastKnownFileType = sourcecode.swift; path = Color.swift; sourceTree = "<group>"; };
		CF2A64591D72BF4400268919 /* Timer.app */ = {isa = PBXFileReference; explicitFileType = wrapper.application; includeInIndex = 0; path = Timer.app; sourceTree = BUILT_PRODUCTS_DIR; };
		CF2A645C1D72BF4400268919 /* AppDelegate.swift */ = {isa = PBXFileReference; lastKnownFileType = sourcecode.swift; path = AppDelegate.swift; sourceTree = "<group>"; };
		CF2A64611D72BF4400268919 /* Base */ = {isa = PBXFileReference; lastKnownFileType = file.storyboard; name = Base; path = Base.lproj/Main.storyboard; sourceTree = "<group>"; };
		CF2A64631D72BF4400268919 /* Assets.xcassets */ = {isa = PBXFileReference; lastKnownFileType = folder.assetcatalog; path = Assets.xcassets; sourceTree = "<group>"; };
		CF2A64661D72BF4400268919 /* Base */ = {isa = PBXFileReference; lastKnownFileType = file.storyboard; name = Base; path = Base.lproj/LaunchScreen.storyboard; sourceTree = "<group>"; };
		CF2A64681D72BF4400268919 /* Info.plist */ = {isa = PBXFileReference; lastKnownFileType = text.plist.xml; path = Info.plist; sourceTree = "<group>"; };
		CF2A646D1D72BF4400268919 /* TimerTests.xctest */ = {isa = PBXFileReference; explicitFileType = wrapper.cfbundle; includeInIndex = 0; path = TimerTests.xctest; sourceTree = BUILT_PRODUCTS_DIR; };
		CF2A64711D72BF4400268919 /* TimerTests.swift */ = {isa = PBXFileReference; lastKnownFileType = sourcecode.swift; path = TimerTests.swift; sourceTree = "<group>"; };
		CF2A64731D72BF4400268919 /* Info.plist */ = {isa = PBXFileReference; lastKnownFileType = text.plist.xml; path = Info.plist; sourceTree = "<group>"; };
		CF2A647E1D72BFE100268919 /* TimerViewController.swift */ = {isa = PBXFileReference; fileEncoding = 4; lastKnownFileType = sourcecode.swift; path = TimerViewController.swift; sourceTree = "<group>"; };
/* End PBXFileReference section */

/* Begin PBXFrameworksBuildPhase section */
		CF2A64561D72BF4400268919 /* Frameworks */ = {
			isa = PBXFrameworksBuildPhase;
			buildActionMask = 2147483647;
			files = (
			);
			runOnlyForDeploymentPostprocessing = 0;
		};
		CF2A646A1D72BF4400268919 /* Frameworks */ = {
			isa = PBXFrameworksBuildPhase;
			buildActionMask = 2147483647;
			files = (
			);
			runOnlyForDeploymentPostprocessing = 0;
		};
/* End PBXFrameworksBuildPhase section */

/* Begin PBXGroup section */
		CF2A64501D72BF4400268919 = {
			isa = PBXGroup;
			children = (
				CF2A645B1D72BF4400268919 /* Timer */,
				CF2A64701D72BF4400268919 /* TimerTests */,
				CF2A645A1D72BF4400268919 /* Products */,
			);
			sourceTree = "<group>";
		};
		CF2A645A1D72BF4400268919 /* Products */ = {
			isa = PBXGroup;
			children = (
				CF2A64591D72BF4400268919 /* Timer.app */,
				CF2A646D1D72BF4400268919 /* TimerTests.xctest */,
			);
			name = Products;
			sourceTree = "<group>";
		};
		CF2A645B1D72BF4400268919 /* Timer */ = {
			isa = PBXGroup;
			children = (
				CF2A647E1D72BFE100268919 /* TimerViewController.swift */,
				CF1670341D72D88F00C62B35 /* Timer.swift */,
				CF2A645C1D72BF4400268919 /* AppDelegate.swift */,
				CF2A64601D72BF4400268919 /* Main.storyboard */,
				CF1670381D74F2F200C62B35 /* Color.swift */,
				CF1670361D74EF5600C62B35 /* AlarmViewController.swift */,
				CF2A64631D72BF4400268919 /* Assets.xcassets */,
				CF2A64651D72BF4400268919 /* LaunchScreen.storyboard */,
				CF2A64681D72BF4400268919 /* Info.plist */,
			);
			path = Timer;
			sourceTree = "<group>";
		};
		CF2A64701D72BF4400268919 /* TimerTests */ = {
			isa = PBXGroup;
			children = (
				CF2A64711D72BF4400268919 /* TimerTests.swift */,
				CF2A64731D72BF4400268919 /* Info.plist */,
			);
			path = TimerTests;
			sourceTree = "<group>";
		};
/* End PBXGroup section */

/* Begin PBXNativeTarget section */
		CF2A64581D72BF4400268919 /* Timer */ = {
			isa = PBXNativeTarget;
			buildConfigurationList = CF2A64761D72BF4400268919 /* Build configuration list for PBXNativeTarget "Timer" */;
			buildPhases = (
				CF2A64551D72BF4400268919 /* Sources */,
				CF2A64561D72BF4400268919 /* Frameworks */,
				CF2A64571D72BF4400268919 /* Resources */,
			);
			buildRules = (
			);
			dependencies = (
			);
			name = Timer;
			productName = Timer;
			productReference = CF2A64591D72BF4400268919 /* Timer.app */;
			productType = "com.apple.product-type.application";
		};
		CF2A646C1D72BF4400268919 /* TimerTests */ = {
			isa = PBXNativeTarget;
			buildConfigurationList = CF2A64791D72BF4400268919 /* Build configuration list for PBXNativeTarget "TimerTests" */;
			buildPhases = (
				CF2A64691D72BF4400268919 /* Sources */,
				CF2A646A1D72BF4400268919 /* Frameworks */,
				CF2A646B1D72BF4400268919 /* Resources */,
			);
			buildRules = (
			);
			dependencies = (
				CF2A646F1D72BF4400268919 /* PBXTargetDependency */,
			);
			name = TimerTests;
			productName = TimerTests;
			productReference = CF2A646D1D72BF4400268919 /* TimerTests.xctest */;
			productType = "com.apple.product-type.bundle.unit-test";
		};
/* End PBXNativeTarget section */

/* Begin PBXProject section */
		CF2A64511D72BF4400268919 /* Project object */ = {
			isa = PBXProject;
			attributes = {
				LastSwiftUpdateCheck = 0730;
				LastUpgradeCheck = 0730;
				ORGANIZATIONNAME = "Wesley Austin";
				TargetAttributes = {
					CF2A64581D72BF4400268919 = {
						CreatedOnToolsVersion = 7.3.1;
					};
					CF2A646C1D72BF4400268919 = {
						CreatedOnToolsVersion = 7.3.1;
						TestTargetID = CF2A64581D72BF4400268919;
					};
				};
			};
			buildConfigurationList = CF2A64541D72BF4400268919 /* Build configuration list for PBXProject "Timer" */;
			compatibilityVersion = "Xcode 3.2";
			developmentRegion = English;
			hasScannedForEncodings = 0;
			knownRegions = (
				en,
				Base,
			);
			mainGroup = CF2A64501D72BF4400268919;
			productRefGroup = CF2A645A1D72BF4400268919 /* Products */;
			projectDirPath = "";
			projectRoot = "";
			targets = (
				CF2A64581D72BF4400268919 /* Timer */,
				CF2A646C1D72BF4400268919 /* TimerTests */,
			);
		};
/* End PBXProject section */

/* Begin PBXResourcesBuildPhase section */
		CF2A64571D72BF4400268919 /* Resources */ = {
			isa = PBXResourcesBuildPhase;
			buildActionMask = 2147483647;
			files = (
				CF2A64671D72BF4400268919 /* LaunchScreen.storyboard in Resources */,
				CF2A64641D72BF4400268919 /* Assets.xcassets in Resources */,
				CF2A64621D72BF4400268919 /* Main.storyboard in Resources */,
			);
			runOnlyForDeploymentPostprocessing = 0;
		};
		CF2A646B1D72BF4400268919 /* Resources */ = {
			isa = PBXResourcesBuildPhase;
			buildActionMask = 2147483647;
			files = (
			);
			runOnlyForDeploymentPostprocessing = 0;
		};
/* End PBXResourcesBuildPhase section */

/* Begin PBXSourcesBuildPhase section */
		CF2A64551D72BF4400268919 /* Sources */ = {
			isa = PBXSourcesBuildPhase;
			buildActionMask = 2147483647;
			files = (
				CF1670371D74EF5600C62B35 /* AlarmViewController.swift in Sources */,
				CF1670351D72D88F00C62B35 /* Timer.swift in Sources */,
				CF2A647F1D72BFE100268919 /* TimerViewController.swift in Sources */,
				CF1670391D74F2F200C62B35 /* Color.swift in Sources */,
				CF2A645D1D72BF4400268919 /* AppDelegate.swift in Sources */,
			);
			runOnlyForDeploymentPostprocessing = 0;
		};
		CF2A64691D72BF4400268919 /* Sources */ = {
			isa = PBXSourcesBuildPhase;
			buildActionMask = 2147483647;
			files = (
				CF2A64721D72BF4400268919 /* TimerTests.swift in Sources */,
			);
			runOnlyForDeploymentPostprocessing = 0;
		};
/* End PBXSourcesBuildPhase section */

/* Begin PBXTargetDependency section */
		CF2A646F1D72BF4400268919 /* PBXTargetDependency */ = {
			isa = PBXTargetDependency;
			target = CF2A64581D72BF4400268919 /* Timer */;
			targetProxy = CF2A646E1D72BF4400268919 /* PBXContainerItemProxy */;
		};
/* End PBXTargetDependency section */

/* Begin PBXVariantGroup section */
		CF2A64601D72BF4400268919 /* Main.storyboard */ = {
			isa = PBXVariantGroup;
			children = (
				CF2A64611D72BF4400268919 /* Base */,
			);
			name = Main.storyboard;
			sourceTree = "<group>";
		};
		CF2A64651D72BF4400268919 /* LaunchScreen.storyboard */ = {
			isa = PBXVariantGroup;
			children = (
				CF2A64661D72BF4400268919 /* Base */,
			);
			name = LaunchScreen.storyboard;
			sourceTree = "<group>";
		};
/* End PBXVariantGroup section */

/* Begin XCBuildConfiguration section */
		CF2A64741D72BF4400268919 /* Debug */ = {
			isa = XCBuildConfiguration;
			buildSettings = {
				ALWAYS_SEARCH_USER_PATHS = NO;
				CLANG_ANALYZER_NONNULL = YES;
				CLANG_CXX_LANGUAGE_STANDARD = "gnu++0x";
				CLANG_CXX_LIBRARY = "libc++";
				CLANG_ENABLE_MODULES = YES;
				CLANG_ENABLE_OBJC_ARC = YES;
				CLANG_WARN_BOOL_CONVERSION = YES;
				CLANG_WARN_CONSTANT_CONVERSION = YES;
				CLANG_WARN_DIRECT_OBJC_ISA_USAGE = YES_ERROR;
				CLANG_WARN_EMPTY_BODY = YES;
				CLANG_WARN_ENUM_CONVERSION = YES;
				CLANG_WARN_INT_CONVERSION = YES;
				CLANG_WARN_OBJC_ROOT_CLASS = YES_ERROR;
				CLANG_WARN_UNREACHABLE_CODE = YES;
				CLANG_WARN__DUPLICATE_METHOD_MATCH = YES;
				"CODE_SIGN_IDENTITY[sdk=iphoneos*]" = "iPhone Developer";
				COPY_PHASE_STRIP = NO;
				DEBUG_INFORMATION_FORMAT = dwarf;
				ENABLE_STRICT_OBJC_MSGSEND = YES;
				ENABLE_TESTABILITY = YES;
				GCC_C_LANGUAGE_STANDARD = gnu99;
				GCC_DYNAMIC_NO_PIC = NO;
				GCC_NO_COMMON_BLOCKS = YES;
				GCC_OPTIMIZATION_LEVEL = 0;
				GCC_PREPROCESSOR_DEFINITIONS = (
					"DEBUG=1",
					"$(inherited)",
				);
				GCC_WARN_64_TO_32_BIT_CONVERSION = YES;
				GCC_WARN_ABOUT_RETURN_TYPE = YES_ERROR;
				GCC_WARN_UNDECLARED_SELECTOR = YES;
				GCC_WARN_UNINITIALIZED_AUTOS = YES_AGGRESSIVE;
				GCC_WARN_UNUSED_FUNCTION = YES;
				GCC_WARN_UNUSED_VARIABLE = YES;
				IPHONEOS_DEPLOYMENT_TARGET = 9.3;
				MTL_ENABLE_DEBUG_INFO = YES;
				ONLY_ACTIVE_ARCH = YES;
				SDKROOT = iphoneos;
				SWIFT_OPTIMIZATION_LEVEL = "-Onone";
			};
			name = Debug;
		};
		CF2A64751D72BF4400268919 /* Release */ = {
			isa = XCBuildConfiguration;
			buildSettings = {
				ALWAYS_SEARCH_USER_PATHS = NO;
				CLANG_ANALYZER_NONNULL = YES;
				CLANG_CXX_LANGUAGE_STANDARD = "gnu++0x";
				CLANG_CXX_LIBRARY = "libc++";
				CLANG_ENABLE_MODULES = YES;
				CLANG_ENABLE_OBJC_ARC = YES;
				CLANG_WARN_BOOL_CONVERSION = YES;
				CLANG_WARN_CONSTANT_CONVERSION = YES;
				CLANG_WARN_DIRECT_OBJC_ISA_USAGE = YES_ERROR;
				CLANG_WARN_EMPTY_BODY = YES;
				CLANG_WARN_ENUM_CONVERSION = YES;
				CLANG_WARN_INT_CONVERSION = YES;
				CLANG_WARN_OBJC_ROOT_CLASS = YES_ERROR;
				CLANG_WARN_UNREACHABLE_CODE = YES;
				CLANG_WARN__DUPLICATE_METHOD_MATCH = YES;
				"CODE_SIGN_IDENTITY[sdk=iphoneos*]" = "iPhone Developer";
				COPY_PHASE_STRIP = NO;
				DEBUG_INFORMATION_FORMAT = "dwarf-with-dsym";
				ENABLE_NS_ASSERTIONS = NO;
				ENABLE_STRICT_OBJC_MSGSEND = YES;
				GCC_C_LANGUAGE_STANDARD = gnu99;
				GCC_NO_COMMON_BLOCKS = YES;
				GCC_WARN_64_TO_32_BIT_CONVERSION = YES;
				GCC_WARN_ABOUT_RETURN_TYPE = YES_ERROR;
				GCC_WARN_UNDECLARED_SELECTOR = YES;
				GCC_WARN_UNINITIALIZED_AUTOS = YES_AGGRESSIVE;
				GCC_WARN_UNUSED_FUNCTION = YES;
				GCC_WARN_UNUSED_VARIABLE = YES;
				IPHONEOS_DEPLOYMENT_TARGET = 9.3;
				MTL_ENABLE_DEBUG_INFO = NO;
				SDKROOT = iphoneos;
				VALIDATE_PRODUCT = YES;
			};
			name = Release;
		};
		CF2A64771D72BF4400268919 /* Debug */ = {
			isa = XCBuildConfiguration;
			buildSettings = {
				ASSETCATALOG_COMPILER_APPICON_NAME = AppIcon;
				INFOPLIST_FILE = Timer/Info.plist;
				LD_RUNPATH_SEARCH_PATHS = "$(inherited) @executable_path/Frameworks";
				PRODUCT_BUNDLE_IDENTIFIER = com.worldwidemess.Timer;
				PRODUCT_NAME = "$(TARGET_NAME)";
			};
			name = Debug;
		};
		CF2A64781D72BF4400268919 /* Release */ = {
			isa = XCBuildConfiguration;
			buildSettings = {
				ASSETCATALOG_COMPILER_APPICON_NAME = AppIcon;
				INFOPLIST_FILE = Timer/Info.plist;
				LD_RUNPATH_SEARCH_PATHS = "$(inherited) @executable_path/Frameworks";
				PRODUCT_BUNDLE_IDENTIFIER = com.worldwidemess.Timer;
				PRODUCT_NAME = "$(TARGET_NAME)";
			};
			name = Release;
		};
		CF2A647A1D72BF4400268919 /* Debug */ = {
			isa = XCBuildConfiguration;
			buildSettings = {
				BUNDLE_LOADER = "$(TEST_HOST)";
				INFOPLIST_FILE = TimerTests/Info.plist;
				LD_RUNPATH_SEARCH_PATHS = "$(inherited) @executable_path/Frameworks @loader_path/Frameworks";
				PRODUCT_BUNDLE_IDENTIFIER = com.worldwidemess.TimerTests;
				PRODUCT_NAME = "$(TARGET_NAME)";
				TEST_HOST = "$(BUILT_PRODUCTS_DIR)/Timer.app/Timer";
			};
			name = Debug;
		};
		CF2A647B1D72BF4400268919 /* Release */ = {
			isa = XCBuildConfiguration;
			buildSettings = {
				BUNDLE_LOADER = "$(TEST_HOST)";
				INFOPLIST_FILE = TimerTests/Info.plist;
				LD_RUNPATH_SEARCH_PATHS = "$(inherited) @executable_path/Frameworks @loader_path/Frameworks";
				PRODUCT_BUNDLE_IDENTIFIER = com.worldwidemess.TimerTests;
				PRODUCT_NAME = "$(TARGET_NAME)";
				TEST_HOST = "$(BUILT_PRODUCTS_DIR)/Timer.app/Timer";
			};
			name = Release;
		};
/* End XCBuildConfiguration section */

/* Begin XCConfigurationList section */
		CF2A64541D72BF4400268919 /* Build configuration list for PBXProject "Timer" */ = {
			isa = XCConfigurationList;
			buildConfigurations = (
				CF2A64741D72BF4400268919 /* Debug */,
				CF2A64751D72BF4400268919 /* Release */,
			);
			defaultConfigurationIsVisible = 0;
			defaultConfigurationName = Release;
		};
		CF2A64761D72BF4400268919 /* Build configuration list for PBXNativeTarget "Timer" */ = {
			isa = XCConfigurationList;
			buildConfigurations = (
				CF2A64771D72BF4400268919 /* Debug */,
				CF2A64781D72BF4400268919 /* Release */,
			);
			defaultConfigurationIsVisible = 0;
			defaultConfigurationName = Release;
		};
		CF2A64791D72BF4400268919 /* Build configuration list for PBXNativeTarget "TimerTests" */ = {
			isa = XCConfigurationList;
			buildConfigurations = (
				CF2A647A1D72BF4400268919 /* Debug */,
				CF2A647B1D72BF4400268919 /* Release */,
			);
			defaultConfigurationIsVisible = 0;
			defaultConfigurationName = Release;
		};
/* End XCConfigurationList section */
	};
	rootObject = CF2A64511D72BF4400268919 /* Project object */;
}
